// !$*UTF8*$!
{
	archiveVersion = 1;
	classes = {
	};
	objectVersion = 56;
	objects = {

/* Begin PBXBuildFile section */
		F8296E3629A311C8003AE59B /* AppDelegate.swift in Sources */ = {isa = PBXBuildFile; fileRef = F8296E3529A311C8003AE59B /* AppDelegate.swift */; };
		F8296E3829A311C8003AE59B /* SceneDelegate.swift in Sources */ = {isa = PBXBuildFile; fileRef = F8296E3729A311C8003AE59B /* SceneDelegate.swift */; };
		F8296E3A29A311C8003AE59B /* ViewController.swift in Sources */ = {isa = PBXBuildFile; fileRef = F8296E3929A311C8003AE59B /* ViewController.swift */; };
		F8296E3D29A311C8003AE59B /* Main.storyboard in Resources */ = {isa = PBXBuildFile; fileRef = F8296E3B29A311C8003AE59B /* Main.storyboard */; };
		F8296E3F29A311CB003AE59B /* Assets.xcassets in Resources */ = {isa = PBXBuildFile; fileRef = F8296E3E29A311CB003AE59B /* Assets.xcassets */; };
		F8296E4229A311CB003AE59B /* LaunchScreen.storyboard in Resources */ = {isa = PBXBuildFile; fileRef = F8296E4029A311CB003AE59B /* LaunchScreen.storyboard */; };
		F8296E4B29A31225003AE59B /* Cert_BG.PNG in Resources */ = {isa = PBXBuildFile; fileRef = F8296E4929A31225003AE59B /* Cert_BG.PNG */; };
		F8296E4C29A31225003AE59B /* Cert_Sample.PNG in Resources */ = {isa = PBXBuildFile; fileRef = F8296E4A29A31225003AE59B /* Cert_Sample.PNG */; };
/* End PBXBuildFile section */

/* Begin PBXFileReference section */
		F8296E3229A311C8003AE59B /* DynamicFont.app */ = {isa = PBXFileReference; explicitFileType = wrapper.application; includeInIndex = 0; path = DynamicFont.app; sourceTree = BUILT_PRODUCTS_DIR; };
		F8296E3529A311C8003AE59B /* AppDelegate.swift */ = {isa = PBXFileReference; lastKnownFileType = sourcecode.swift; path = AppDelegate.swift; sourceTree = "<group>"; };
		F8296E3729A311C8003AE59B /* SceneDelegate.swift */ = {isa = PBXFileReference; lastKnownFileType = sourcecode.swift; path = SceneDelegate.swift; sourceTree = "<group>"; };
		F8296E3929A311C8003AE59B /* ViewController.swift */ = {isa = PBXFileReference; lastKnownFileType = sourcecode.swift; path = ViewController.swift; sourceTree = "<group>"; };
		F8296E3C29A311C8003AE59B /* Base */ = {isa = PBXFileReference; lastKnownFileType = file.storyboard; name = Base; path = Base.lproj/Main.storyboard; sourceTree = "<group>"; };
		F8296E3E29A311CB003AE59B /* Assets.xcassets */ = {isa = PBXFileReference; lastKnownFileType = folder.assetcatalog; path = Assets.xcassets; sourceTree = "<group>"; };
		F8296E4129A311CB003AE59B /* Base */ = {isa = PBXFileReference; lastKnownFileType = file.storyboard; name = Base; path = Base.lproj/LaunchScreen.storyboard; sourceTree = "<group>"; };
		F8296E4329A311CB003AE59B /* Info.plist */ = {isa = PBXFileReference; lastKnownFileType = text.plist.xml; path = Info.plist; sourceTree = "<group>"; };
		F8296E4929A31225003AE59B /* Cert_BG.PNG */ = {isa = PBXFileReference; lastKnownFileType = image.png; path = Cert_BG.PNG; sourceTree = "<group>"; };
		F8296E4A29A31225003AE59B /* Cert_Sample.PNG */ = {isa = PBXFileReference; lastKnownFileType = image.png; path = Cert_Sample.PNG; sourceTree = "<group>"; };
/* End PBXFileReference section */

/* Begin PBXFrameworksBuildPhase section */
		F8296E2F29A311C8003AE59B /* Frameworks */ = {
			isa = PBXFrameworksBuildPhase;
			buildActionMask = 2147483647;
			files = (
			);
			runOnlyForDeploymentPostprocessing = 0;
		};
/* End PBXFrameworksBuildPhase section */

/* Begin PBXGroup section */
		F8296E2929A311C8003AE59B = {
			isa = PBXGroup;
			children = (
				F8296E3429A311C8003AE59B /* DynamicFont */,
				F8296E3329A311C8003AE59B /* Products */,
			);
			sourceTree = "<group>";
		};
		F8296E3329A311C8003AE59B /* Products */ = {
			isa = PBXGroup;
			children = (
				F8296E3229A311C8003AE59B /* DynamicFont.app */,
			);
			name = Products;
			sourceTree = "<group>";
		};
		F8296E3429A311C8003AE59B /* DynamicFont */ = {
			isa = PBXGroup;
			children = (
				F8296E3529A311C8003AE59B /* AppDelegate.swift */,
				F8296E3729A311C8003AE59B /* SceneDelegate.swift */,
				F8296E3929A311C8003AE59B /* ViewController.swift */,
				F8296E3B29A311C8003AE59B /* Main.storyboard */,
				F8296E3E29A311CB003AE59B /* Assets.xcassets */,
				F8296E4029A311CB003AE59B /* LaunchScreen.storyboard */,
				F8296E4329A311CB003AE59B /* Info.plist */,
				F8296E4929A31225003AE59B /* Cert_BG.PNG */,
				F8296E4A29A31225003AE59B /* Cert_Sample.PNG */,
			);
			path = DynamicFont;
			sourceTree = "<group>";
		};
/* End PBXGroup section */

/* Begin PBXNativeTarget section */
		F8296E3129A311C8003AE59B /* DynamicFont */ = {
			isa = PBXNativeTarget;
			buildConfigurationList = F8296E4629A311CB003AE59B /* Build configuration list for PBXNativeTarget "DynamicFont" */;
			buildPhases = (
				F8296E2E29A311C8003AE59B /* Sources */,
				F8296E2F29A311C8003AE59B /* Frameworks */,
				F8296E3029A311C8003AE59B /* Resources */,
			);
			buildRules = (
			);
			dependencies = (
			);
			name = DynamicFont;
			productName = DynamicFont;
			productReference = F8296E3229A311C8003AE59B /* DynamicFont.app */;
			productType = "com.apple.product-type.application";
		};
/* End PBXNativeTarget section */

/* Begin PBXProject section */
		F8296E2A29A311C8003AE59B /* Project object */ = {
			isa = PBXProject;
			attributes = {
				BuildIndependentTargetsInParallel = 1;
				LastSwiftUpdateCheck = 1410;
				LastUpgradeCheck = 1410;
				TargetAttributes = {
					F8296E3129A311C8003AE59B = {
						CreatedOnToolsVersion = 14.1;
					};
				};
			};
			buildConfigurationList = F8296E2D29A311C8003AE59B /* Build configuration list for PBXProject "DynamicFont" */;
			compatibilityVersion = "Xcode 14.0";
			developmentRegion = en;
			hasScannedForEncodings = 0;
			knownRegions = (
				en,
				Base,
			);
			mainGroup = F8296E2929A311C8003AE59B;
			productRefGroup = F8296E3329A311C8003AE59B /* Products */;
			projectDirPath = "";
			projectRoot = "";
			targets = (
				F8296E3129A311C8003AE59B /* DynamicFont */,
			);
		};
/* End PBXProject section */

/* Begin PBXResourcesBuildPhase section */
		F8296E3029A311C8003AE59B /* Resources */ = {
			isa = PBXResourcesBuildPhase;
			buildActionMask = 2147483647;
			files = (
				F8296E4C29A31225003AE59B /* Cert_Sample.PNG in Resources */,
				F8296E4B29A31225003AE59B /* Cert_BG.PNG in Resources */,
				F8296E4229A311CB003AE59B /* LaunchScreen.storyboard in Resources */,
				F8296E3F29A311CB003AE59B /* Assets.xcassets in Resources */,
				F8296E3D29A311C8003AE59B /* Main.storyboard in Resources */,
			);
			runOnlyForDeploymentPostprocessing = 0;
		};
/* End PBXResourcesBuildPhase section */

/* Begin PBXSourcesBuildPhase section */
		F8296E2E29A311C8003AE59B /* Sources */ = {
			isa = PBXSourcesBuildPhase;
			buildActionMask = 2147483647;
			files = (
				F8296E3A29A311C8003AE59B /* ViewController.swift in Sources */,
				F8296E3629A311C8003AE59B /* AppDelegate.swift in Sources */,
				F8296E3829A311C8003AE59B /* SceneDelegate.swift in Sources */,
			);
			runOnlyForDeploymentPostprocessing = 0;
		};
/* End PBXSourcesBuildPhase section */

/* Begin PBXVariantGroup section */
		F8296E3B29A311C8003AE59B /* Main.storyboard */ = {
			isa = PBXVariantGroup;
			children = (
				F8296E3C29A311C8003AE59B /* Base */,
			);
			name = Main.storyboard;
			sourceTree = "<group>";
		};
		F8296E4029A311CB003AE59B /* LaunchScreen.storyboard */ = {
			isa = PBXVariantGroup;
			children = (
				F8296E4129A311CB003AE59B /* Base */,
			);
			name = LaunchScreen.storyboard;
			sourceTree = "<group>";
		};
/* End PBXVariantGroup section */

/* Begin XCBuildConfiguration section */
		F8296E4429A311CB003AE59B /* Debug */ = {
			isa = XCBuildConfiguration;
			buildSettings = {
				ALWAYS_SEARCH_USER_PATHS = NO;
				CLANG_ANALYZER_NONNULL = YES;
				CLANG_ANALYZER_NUMBER_OBJECT_CONVERSION = YES_AGGRESSIVE;
				CLANG_CXX_LANGUAGE_STANDARD = "gnu++20";
				CLANG_ENABLE_MODULES = YES;
				CLANG_ENABLE_OBJC_ARC = YES;
				CLANG_ENABLE_OBJC_WEAK = YES;
				CLANG_WARN_BLOCK_CAPTURE_AUTORELEASING = YES;
				CLANG_WARN_BOOL_CONVERSION = YES;
				CLANG_WARN_COMMA = YES;
				CLANG_WARN_CONSTANT_CONVERSION = YES;
				CLANG_WARN_DEPRECATED_OBJC_IMPLEMENTATIONS = YES;
				CLANG_WARN_DIRECT_OBJC_ISA_USAGE = YES_ERROR;
				CLANG_WARN_DOCUMENTATION_COMMENTS = YES;
				CLANG_WARN_EMPTY_BODY = YES;
				CLANG_WARN_ENUM_CONVERSION = YES;
				CLANG_WARN_INFINITE_RECURSION = YES;
				CLANG_WARN_INT_CONVERSION = YES;
				CLANG_WARN_NON_LITERAL_NULL_CONVERSION = YES;
				CLANG_WARN_OBJC_IMPLICIT_RETAIN_SELF = YES;
				CLANG_WARN_OBJC_LITERAL_CONVERSION = YES;
				CLANG_WARN_OBJC_ROOT_CLASS = YES_ERROR;
				CLANG_WARN_QUOTED_INCLUDE_IN_FRAMEWORK_HEADER = YES;
				CLANG_WARN_RANGE_LOOP_ANALYSIS = YES;
				CLANG_WARN_STRICT_PROTOTYPES = YES;
				CLANG_WARN_SUSPICIOUS_MOVE = YES;
				CLANG_WARN_UNGUARDED_AVAILABILITY = YES_AGGRESSIVE;
				CLANG_WARN_UNREACHABLE_CODE = YES;
				CLANG_WARN__DUPLICATE_METHOD_MATCH = YES;
				COPY_PHASE_STRIP = NO;
				DEBUG_INFORMATION_FORMAT = dwarf;
				ENABLE_STRICT_OBJC_MSGSEND = YES;
				ENABLE_TESTABILITY = YES;
				GCC_C_LANGUAGE_STANDARD = gnu11;
				GCC_DYNAMIC_NO_PIC = NO;
				GCC_NO_COMMON_BLOCKS = YES;
				GCC_OPTIMIZATION_LEVEL = 0;
				GCC_PREPROCESSOR_DEFINITIONS = (
					"DEBUG=1",
					"$(inherited)",
				);
				GCC_WARN_64_TO_32_BIT_CONVERSION = YES;
				GCC_WARN_ABOUT_RETURN_TYPE = YES_ERROR;
				GCC_WARN_UNDECLARED_SELECTOR = YES;
				GCC_WARN_UNINITIALIZED_AUTOS = YES_AGGRESSIVE;
				GCC_WARN_UNUSED_FUNCTION = YES;
				GCC_WARN_UNUSED_VARIABLE = YES;
				IPHONEOS_DEPLOYMENT_TARGET = 16.1;
				MTL_ENABLE_DEBUG_INFO = INCLUDE_SOURCE;
				MTL_FAST_MATH = YES;
				ONLY_ACTIVE_ARCH = YES;
				SDKROOT = iphoneos;
				SWIFT_ACTIVE_COMPILATION_CONDITIONS = DEBUG;
				SWIFT_OPTIMIZATION_LEVEL = "-Onone";
			};
			name = Debug;
		};
		F8296E4529A311CB003AE59B /* Release */ = {
			isa = XCBuildConfiguration;
			buildSettings = {
				ALWAYS_SEARCH_USER_PATHS = NO;
				CLANG_ANALYZER_NONNULL = YES;
				CLANG_ANALYZER_NUMBER_OBJECT_CONVERSION = YES_AGGRESSIVE;
				CLANG_CXX_LANGUAGE_STANDARD = "gnu++20";
				CLANG_ENABLE_MODULES = YES;
				CLANG_ENABLE_OBJC_ARC = YES;
				CLANG_ENABLE_OBJC_WEAK = YES;
				CLANG_WARN_BLOCK_CAPTURE_AUTORELEASING = YES;
				CLANG_WARN_BOOL_CONVERSION = YES;
				CLANG_WARN_COMMA = YES;
				CLANG_WARN_CONSTANT_CONVERSION = YES;
				CLANG_WARN_DEPRECATED_OBJC_IMPLEMENTATIONS = YES;
				CLANG_WARN_DIRECT_OBJC_ISA_USAGE = YES_ERROR;
				CLANG_WARN_DOCUMENTATION_COMMENTS = YES;
				CLANG_WARN_EMPTY_BODY = YES;
				CLANG_WARN_ENUM_CONVERSION = YES;
				CLANG_WARN_INFINITE_RECURSION = YES;
				CLANG_WARN_INT_CONVERSION = YES;
				CLANG_WARN_NON_LITERAL_NULL_CONVERSION = YES;
				CLANG_WARN_OBJC_IMPLICIT_RETAIN_SELF = YES;
				CLANG_WARN_OBJC_LITERAL_CONVERSION = YES;
				CLANG_WARN_OBJC_ROOT_CLASS = YES_ERROR;
				CLANG_WARN_QUOTED_INCLUDE_IN_FRAMEWORK_HEADER = YES;
				CLANG_WARN_RANGE_LOOP_ANALYSIS = YES;
				CLANG_WARN_STRICT_PROTOTYPES = YES;
				CLANG_WARN_SUSPICIOUS_MOVE = YES;
				CLANG_WARN_UNGUARDED_AVAILABILITY = YES_AGGRESSIVE;
				CLANG_WARN_UNREACHABLE_CODE = YES;
				CLANG_WARN__DUPLICATE_METHOD_MATCH = YES;
				COPY_PHASE_STRIP = NO;
				DEBUG_INFORMATION_FORMAT = "dwarf-with-dsym";
				ENABLE_NS_ASSERTIONS = NO;
				ENABLE_STRICT_OBJC_MSGSEND = YES;
				GCC_C_LANGUAGE_STANDARD = gnu11;
				GCC_NO_COMMON_BLOCKS = YES;
				GCC_WARN_64_TO_32_BIT_CONVERSION = YES;
				GCC_WARN_ABOUT_RETURN_TYPE = YES_ERROR;
				GCC_WARN_UNDECLARED_SELECTOR = YES;
				GCC_WARN_UNINITIALIZED_AUTOS = YES_AGGRESSIVE;
				GCC_WARN_UNUSED_FUNCTION = YES;
				GCC_WARN_UNUSED_VARIABLE = YES;
				IPHONEOS_DEPLOYMENT_TARGET = 16.1;
				MTL_ENABLE_DEBUG_INFO = NO;
				MTL_FAST_MATH = YES;
				SDKROOT = iphoneos;
				SWIFT_COMPILATION_MODE = wholemodule;
				SWIFT_OPTIMIZATION_LEVEL = "-O";
				VALIDATE_PRODUCT = YES;
			};
			name = Release;
		};
		F8296E4729A311CB003AE59B /* Debug */ = {
			isa = XCBuildConfiguration;
			buildSettings = {
				ASSETCATALOG_COMPILER_APPICON_NAME = AppIcon;
				ASSETCATALOG_COMPILER_GLOBAL_ACCENT_COLOR_NAME = AccentColor;
				CODE_SIGN_STYLE = Automatic;
				CURRENT_PROJECT_VERSION = 1;
				DEVELOPMENT_TEAM = PK8R4W75W3;
				GENERATE_INFOPLIST_FILE = YES;
				INFOPLIST_FILE = DynamicFont/Info.plist;
				INFOPLIST_KEY_UIApplicationSupportsIndirectInputEvents = YES;
				INFOPLIST_KEY_UILaunchStoryboardName = LaunchScreen;
				INFOPLIST_KEY_UIMainStoryboardFile = Main;
				INFOPLIST_KEY_UISupportedInterfaceOrientations_iPad = "UIInterfaceOrientationPortrait UIInterfaceOrientationPortraitUpsideDown UIInterfaceOrientationLandscapeLeft UIInterfaceOrientationLandscapeRight";
				INFOPLIST_KEY_UISupportedInterfaceOrientations_iPhone = "UIInterfaceOrientationPortrait UIInterfaceOrientationLandscapeLeft UIInterfaceOrientationLandscapeRight";
				LD_RUNPATH_SEARCH_PATHS = (
					"$(inherited)",
					"@executable_path/Frameworks",
				);
				MARKETING_VERSION = 1.0;
				PRODUCT_BUNDLE_IDENTIFIER = com.thk.DynamicFont;
				PRODUCT_NAME = "$(TARGET_NAME)";
				SWIFT_EMIT_LOC_STRINGS = YES;
				SWIFT_VERSION = 5.0;
				TARGETED_DEVICE_FAMILY = "1,2";
			};
			name = Debug;
		};
		F8296E4829A311CB003AE59B /* Release */ = {
			isa = XCBuildConfiguration;
			buildSettings = {
				ASSETCATALOG_COMPILER_APPICON_NAME = AppIcon;
				ASSETCATALOG_COMPILER_GLOBAL_ACCENT_COLOR_NAME = AccentColor;
				CODE_SIGN_STYLE = Automatic;
				CURRENT_PROJECT_VERSION = 1;
				DEVELOPMENT_TEAM = PK8R4W75W3;
				GENERATE_INFOPLIST_FILE = YES;
				INFOPLIST_FILE = DynamicFont/Info.plist;
				INFOPLIST_KEY_UIApplicationSupportsIndirectInputEvents = YES;
				INFOPLIST_KEY_UILaunchStoryboardName = LaunchScreen;
				INFOPLIST_KEY_UIMainStoryboardFile = Main;
				INFOPLIST_KEY_UISupportedInterfaceOrientations_iPad = "UIInterfaceOrientationPortrait UIInterfaceOrientationPortraitUpsideDown UIInterfaceOrientationLandscapeLeft UIInterfaceOrientationLandscapeRight";
				INFOPLIST_KEY_UISupportedInterfaceOrientations_iPhone = "UIInterfaceOrientationPortrait UIInterfaceOrientationLandscapeLeft UIInterfaceOrientationLandscapeRight";
				LD_RUNPATH_SEARCH_PATHS = (
					"$(inherited)",
					"@executable_path/Frameworks",
				);
				MARKETING_VERSION = 1.0;
				PRODUCT_BUNDLE_IDENTIFIER = com.thk.DynamicFont;
				PRODUCT_NAME = "$(TARGET_NAME)";
				SWIFT_EMIT_LOC_STRINGS = YES;
				SWIFT_VERSION = 5.0;
				TARGETED_DEVICE_FAMILY = "1,2";
			};
			name = Release;
		};
/* End XCBuildConfiguration section */

/* Begin XCConfigurationList section */
		F8296E2D29A311C8003AE59B /* Build configuration list for PBXProject "DynamicFont" */ = {
			isa = XCConfigurationList;
			buildConfigurations = (
				F8296E4429A311CB003AE59B /* Debug */,
				F8296E4529A311CB003AE59B /* Release */,
			);
			defaultConfigurationIsVisible = 0;
			defaultConfigurationName = Release;
		};
		F8296E4629A311CB003AE59B /* Build configuration list for PBXNativeTarget "DynamicFont" */ = {
			isa = XCConfigurationList;
			buildConfigurations = (
				F8296E4729A311CB003AE59B /* Debug */,
				F8296E4829A311CB003AE59B /* Release */,
			);
			defaultConfigurationIsVisible = 0;
			defaultConfigurationName = Release;
		};
/* End XCConfigurationList section */
	};
	rootObject = F8296E2A29A311C8003AE59B /* Project object */;
}
