// !$*UTF8*$!
{
	archiveVersion = 1;
	classes = {
	};
	objectVersion = 56;
	objects = {

/* Begin PBXBuildFile section */
		F807A650299A09DF000924BE /* WeatherBG_Sun.png in Resources */ = {isa = PBXBuildFile; fileRef = F807A64F299A09DE000924BE /* WeatherBG_Sun.png */; };
		F807A652299A09E4000924BE /* weather_icon_sun_cloud.png in Resources */ = {isa = PBXBuildFile; fileRef = F807A651299A09E4000924BE /* weather_icon_sun_cloud.png */; };
		F813B7AD2998E126005F4D75 /* AppDelegate.swift in Sources */ = {isa = PBXBuildFile; fileRef = F813B7AC2998E126005F4D75 /* AppDelegate.swift */; };
		F813B7AF2998E126005F4D75 /* SceneDelegate.swift in Sources */ = {isa = PBXBuildFile; fileRef = F813B7AE2998E126005F4D75 /* SceneDelegate.swift */; };
		F813B7B12998E126005F4D75 /* ViewController.swift in Sources */ = {isa = PBXBuildFile; fileRef = F813B7B02998E126005F4D75 /* ViewController.swift */; };
		F813B7B42998E126005F4D75 /* Main.storyboard in Resources */ = {isa = PBXBuildFile; fileRef = F813B7B22998E126005F4D75 /* Main.storyboard */; };
		F813B7B62998E129005F4D75 /* Assets.xcassets in Resources */ = {isa = PBXBuildFile; fileRef = F813B7B52998E129005F4D75 /* Assets.xcassets */; };
		F813B7B92998E129005F4D75 /* LaunchScreen.storyboard in Resources */ = {isa = PBXBuildFile; fileRef = F813B7B72998E129005F4D75 /* LaunchScreen.storyboard */; };
		F8BC6723299B42B20051AA2B /* WeatherBG_Moon.png in Resources */ = {isa = PBXBuildFile; fileRef = F8BC6722299B42B20051AA2B /* WeatherBG_Moon.png */; };
/* End PBXBuildFile section */

/* Begin PBXFileReference section */
		F807A64F299A09DE000924BE /* WeatherBG_Sun.png */ = {isa = PBXFileReference; lastKnownFileType = image.png; path = WeatherBG_Sun.png; sourceTree = "<group>"; };
		F807A651299A09E4000924BE /* weather_icon_sun_cloud.png */ = {isa = PBXFileReference; lastKnownFileType = image.png; path = weather_icon_sun_cloud.png; sourceTree = "<group>"; };
		F813B7A92998E126005F4D75 /* AutoLayoutStudy.app */ = {isa = PBXFileReference; explicitFileType = wrapper.application; includeInIndex = 0; path = AutoLayoutStudy.app; sourceTree = BUILT_PRODUCTS_DIR; };
		F813B7AC2998E126005F4D75 /* AppDelegate.swift */ = {isa = PBXFileReference; lastKnownFileType = sourcecode.swift; path = AppDelegate.swift; sourceTree = "<group>"; };
		F813B7AE2998E126005F4D75 /* SceneDelegate.swift */ = {isa = PBXFileReference; lastKnownFileType = sourcecode.swift; path = SceneDelegate.swift; sourceTree = "<group>"; };
		F813B7B02998E126005F4D75 /* ViewController.swift */ = {isa = PBXFileReference; lastKnownFileType = sourcecode.swift; path = ViewController.swift; sourceTree = "<group>"; };
		F813B7B32998E126005F4D75 /* Base */ = {isa = PBXFileReference; lastKnownFileType = file.storyboard; name = Base; path = Base.lproj/Main.storyboard; sourceTree = "<group>"; };
		F813B7B52998E129005F4D75 /* Assets.xcassets */ = {isa = PBXFileReference; lastKnownFileType = folder.assetcatalog; path = Assets.xcassets; sourceTree = "<group>"; };
		F813B7B82998E129005F4D75 /* Base */ = {isa = PBXFileReference; lastKnownFileType = file.storyboard; name = Base; path = Base.lproj/LaunchScreen.storyboard; sourceTree = "<group>"; };
		F813B7BA2998E129005F4D75 /* Info.plist */ = {isa = PBXFileReference; lastKnownFileType = text.plist.xml; path = Info.plist; sourceTree = "<group>"; };
		F8BC6722299B42B20051AA2B /* WeatherBG_Moon.png */ = {isa = PBXFileReference; lastKnownFileType = image.png; path = WeatherBG_Moon.png; sourceTree = "<group>"; };
/* End PBXFileReference section */

/* Begin PBXFrameworksBuildPhase section */
		F813B7A62998E126005F4D75 /* Frameworks */ = {
			isa = PBXFrameworksBuildPhase;
			buildActionMask = 2147483647;
			files = (
			);
			runOnlyForDeploymentPostprocessing = 0;
		};
/* End PBXFrameworksBuildPhase section */

/* Begin PBXGroup section */
		F813B7A02998E126005F4D75 = {
			isa = PBXGroup;
			children = (
				F813B7AB2998E126005F4D75 /* AutoLayoutStudy */,
				F813B7AA2998E126005F4D75 /* Products */,
			);
			sourceTree = "<group>";
		};
		F813B7AA2998E126005F4D75 /* Products */ = {
			isa = PBXGroup;
			children = (
				F813B7A92998E126005F4D75 /* AutoLayoutStudy.app */,
			);
			name = Products;
			sourceTree = "<group>";
		};
		F813B7AB2998E126005F4D75 /* AutoLayoutStudy */ = {
			isa = PBXGroup;
			children = (
				F813B7AC2998E126005F4D75 /* AppDelegate.swift */,
				F813B7AE2998E126005F4D75 /* SceneDelegate.swift */,
				F813B7B02998E126005F4D75 /* ViewController.swift */,
				F813B7B22998E126005F4D75 /* Main.storyboard */,
				F813B7B52998E129005F4D75 /* Assets.xcassets */,
				F813B7B72998E129005F4D75 /* LaunchScreen.storyboard */,
				F813B7BA2998E129005F4D75 /* Info.plist */,
				F807A64F299A09DE000924BE /* WeatherBG_Sun.png */,
				F807A651299A09E4000924BE /* weather_icon_sun_cloud.png */,
				F8BC6722299B42B20051AA2B /* WeatherBG_Moon.png */,
			);
			path = AutoLayoutStudy;
			sourceTree = "<group>";
		};
/* End PBXGroup section */

/* Begin PBXNativeTarget section */
		F813B7A82998E126005F4D75 /* AutoLayoutStudy */ = {
			isa = PBXNativeTarget;
			buildConfigurationList = F813B7BD2998E129005F4D75 /* Build configuration list for PBXNativeTarget "AutoLayoutStudy" */;
			buildPhases = (
				F813B7A52998E126005F4D75 /* Sources */,
				F813B7A62998E126005F4D75 /* Frameworks */,
				F813B7A72998E126005F4D75 /* Resources */,
			);
			buildRules = (
			);
			dependencies = (
			);
			name = AutoLayoutStudy;
			productName = AutoLayoutStudy;
			productReference = F813B7A92998E126005F4D75 /* AutoLayoutStudy.app */;
			productType = "com.apple.product-type.application";
		};
/* End PBXNativeTarget section */

/* Begin PBXProject section */
		F813B7A12998E126005F4D75 /* Project object */ = {
			isa = PBXProject;
			attributes = {
				BuildIndependentTargetsInParallel = 1;
				LastSwiftUpdateCheck = 1410;
				LastUpgradeCheck = 1410;
				TargetAttributes = {
					F813B7A82998E126005F4D75 = {
						CreatedOnToolsVersion = 14.1;
					};
				};
			};
			buildConfigurationList = F813B7A42998E126005F4D75 /* Build configuration list for PBXProject "AutoLayoutStudy" */;
			compatibilityVersion = "Xcode 14.0";
			developmentRegion = en;
			hasScannedForEncodings = 0;
			knownRegions = (
				en,
				Base,
			);
			mainGroup = F813B7A02998E126005F4D75;
			productRefGroup = F813B7AA2998E126005F4D75 /* Products */;
			projectDirPath = "";
			projectRoot = "";
			targets = (
				F813B7A82998E126005F4D75 /* AutoLayoutStudy */,
			);
		};
/* End PBXProject section */

/* Begin PBXResourcesBuildPhase section */
		F813B7A72998E126005F4D75 /* Resources */ = {
			isa = PBXResourcesBuildPhase;
			buildActionMask = 2147483647;
			files = (
				F8BC6723299B42B20051AA2B /* WeatherBG_Moon.png in Resources */,
				F813B7B92998E129005F4D75 /* LaunchScreen.storyboard in Resources */,
				F813B7B62998E129005F4D75 /* Assets.xcassets in Resources */,
				F807A652299A09E4000924BE /* weather_icon_sun_cloud.png in Resources */,
				F807A650299A09DF000924BE /* WeatherBG_Sun.png in Resources */,
				F813B7B42998E126005F4D75 /* Main.storyboard in Resources */,
			);
			runOnlyForDeploymentPostprocessing = 0;
		};
/* End PBXResourcesBuildPhase section */

/* Begin PBXSourcesBuildPhase section */
		F813B7A52998E126005F4D75 /* Sources */ = {
			isa = PBXSourcesBuildPhase;
			buildActionMask = 2147483647;
			files = (
				F813B7B12998E126005F4D75 /* ViewController.swift in Sources */,
				F813B7AD2998E126005F4D75 /* AppDelegate.swift in Sources */,
				F813B7AF2998E126005F4D75 /* SceneDelegate.swift in Sources */,
			);
			runOnlyForDeploymentPostprocessing = 0;
		};
/* End PBXSourcesBuildPhase section */

/* Begin PBXVariantGroup section */
		F813B7B22998E126005F4D75 /* Main.storyboard */ = {
			isa = PBXVariantGroup;
			children = (
				F813B7B32998E126005F4D75 /* Base */,
			);
			name = Main.storyboard;
			sourceTree = "<group>";
		};
		F813B7B72998E129005F4D75 /* LaunchScreen.storyboard */ = {
			isa = PBXVariantGroup;
			children = (
				F813B7B82998E129005F4D75 /* Base */,
			);
			name = LaunchScreen.storyboard;
			sourceTree = "<group>";
		};
/* End PBXVariantGroup section */

/* Begin XCBuildConfiguration section */
		F813B7BB2998E129005F4D75 /* Debug */ = {
			isa = XCBuildConfiguration;
			buildSettings = {
				ALWAYS_SEARCH_USER_PATHS = NO;
				CLANG_ANALYZER_NONNULL = YES;
				CLANG_ANALYZER_NUMBER_OBJECT_CONVERSION = YES_AGGRESSIVE;
				CLANG_CXX_LANGUAGE_STANDARD = "gnu++20";
				CLANG_ENABLE_MODULES = YES;
				CLANG_ENABLE_OBJC_ARC = YES;
				CLANG_ENABLE_OBJC_WEAK = YES;
				CLANG_WARN_BLOCK_CAPTURE_AUTORELEASING = YES;
				CLANG_WARN_BOOL_CONVERSION = YES;
				CLANG_WARN_COMMA = YES;
				CLANG_WARN_CONSTANT_CONVERSION = YES;
				CLANG_WARN_DEPRECATED_OBJC_IMPLEMENTATIONS = YES;
				CLANG_WARN_DIRECT_OBJC_ISA_USAGE = YES_ERROR;
				CLANG_WARN_DOCUMENTATION_COMMENTS = YES;
				CLANG_WARN_EMPTY_BODY = YES;
				CLANG_WARN_ENUM_CONVERSION = YES;
				CLANG_WARN_INFINITE_RECURSION = YES;
				CLANG_WARN_INT_CONVERSION = YES;
				CLANG_WARN_NON_LITERAL_NULL_CONVERSION = YES;
				CLANG_WARN_OBJC_IMPLICIT_RETAIN_SELF = YES;
				CLANG_WARN_OBJC_LITERAL_CONVERSION = YES;
				CLANG_WARN_OBJC_ROOT_CLASS = YES_ERROR;
				CLANG_WARN_QUOTED_INCLUDE_IN_FRAMEWORK_HEADER = YES;
				CLANG_WARN_RANGE_LOOP_ANALYSIS = YES;
				CLANG_WARN_STRICT_PROTOTYPES = YES;
				CLANG_WARN_SUSPICIOUS_MOVE = YES;
				CLANG_WARN_UNGUARDED_AVAILABILITY = YES_AGGRESSIVE;
				CLANG_WARN_UNREACHABLE_CODE = YES;
				CLANG_WARN__DUPLICATE_METHOD_MATCH = YES;
				COPY_PHASE_STRIP = NO;
				DEBUG_INFORMATION_FORMAT = dwarf;
				ENABLE_STRICT_OBJC_MSGSEND = YES;
				ENABLE_TESTABILITY = YES;
				GCC_C_LANGUAGE_STANDARD = gnu11;
				GCC_DYNAMIC_NO_PIC = NO;
				GCC_NO_COMMON_BLOCKS = YES;
				GCC_OPTIMIZATION_LEVEL = 0;
				GCC_PREPROCESSOR_DEFINITIONS = (
					"DEBUG=1",
					"$(inherited)",
				);
				GCC_WARN_64_TO_32_BIT_CONVERSION = YES;
				GCC_WARN_ABOUT_RETURN_TYPE = YES_ERROR;
				GCC_WARN_UNDECLARED_SELECTOR = YES;
				GCC_WARN_UNINITIALIZED_AUTOS = YES_AGGRESSIVE;
				GCC_WARN_UNUSED_FUNCTION = YES;
				GCC_WARN_UNUSED_VARIABLE = YES;
				IPHONEOS_DEPLOYMENT_TARGET = 16.1;
				MTL_ENABLE_DEBUG_INFO = INCLUDE_SOURCE;
				MTL_FAST_MATH = YES;
				ONLY_ACTIVE_ARCH = YES;
				SDKROOT = iphoneos;
				SWIFT_ACTIVE_COMPILATION_CONDITIONS = DEBUG;
				SWIFT_OPTIMIZATION_LEVEL = "-Onone";
			};
			name = Debug;
		};
		F813B7BC2998E129005F4D75 /* Release */ = {
			isa = XCBuildConfiguration;
			buildSettings = {
				ALWAYS_SEARCH_USER_PATHS = NO;
				CLANG_ANALYZER_NONNULL = YES;
				CLANG_ANALYZER_NUMBER_OBJECT_CONVERSION = YES_AGGRESSIVE;
				CLANG_CXX_LANGUAGE_STANDARD = "gnu++20";
				CLANG_ENABLE_MODULES = YES;
				CLANG_ENABLE_OBJC_ARC = YES;
				CLANG_ENABLE_OBJC_WEAK = YES;
				CLANG_WARN_BLOCK_CAPTURE_AUTORELEASING = YES;
				CLANG_WARN_BOOL_CONVERSION = YES;
				CLANG_WARN_COMMA = YES;
				CLANG_WARN_CONSTANT_CONVERSION = YES;
				CLANG_WARN_DEPRECATED_OBJC_IMPLEMENTATIONS = YES;
				CLANG_WARN_DIRECT_OBJC_ISA_USAGE = YES_ERROR;
				CLANG_WARN_DOCUMENTATION_COMMENTS = YES;
				CLANG_WARN_EMPTY_BODY = YES;
				CLANG_WARN_ENUM_CONVERSION = YES;
				CLANG_WARN_INFINITE_RECURSION = YES;
				CLANG_WARN_INT_CONVERSION = YES;
				CLANG_WARN_NON_LITERAL_NULL_CONVERSION = YES;
				CLANG_WARN_OBJC_IMPLICIT_RETAIN_SELF = YES;
				CLANG_WARN_OBJC_LITERAL_CONVERSION = YES;
				CLANG_WARN_OBJC_ROOT_CLASS = YES_ERROR;
				CLANG_WARN_QUOTED_INCLUDE_IN_FRAMEWORK_HEADER = YES;
				CLANG_WARN_RANGE_LOOP_ANALYSIS = YES;
				CLANG_WARN_STRICT_PROTOTYPES = YES;
				CLANG_WARN_SUSPICIOUS_MOVE = YES;
				CLANG_WARN_UNGUARDED_AVAILABILITY = YES_AGGRESSIVE;
				CLANG_WARN_UNREACHABLE_CODE = YES;
				CLANG_WARN__DUPLICATE_METHOD_MATCH = YES;
				COPY_PHASE_STRIP = NO;
				DEBUG_INFORMATION_FORMAT = "dwarf-with-dsym";
				ENABLE_NS_ASSERTIONS = NO;
				ENABLE_STRICT_OBJC_MSGSEND = YES;
				GCC_C_LANGUAGE_STANDARD = gnu11;
				GCC_NO_COMMON_BLOCKS = YES;
				GCC_WARN_64_TO_32_BIT_CONVERSION = YES;
				GCC_WARN_ABOUT_RETURN_TYPE = YES_ERROR;
				GCC_WARN_UNDECLARED_SELECTOR = YES;
				GCC_WARN_UNINITIALIZED_AUTOS = YES_AGGRESSIVE;
				GCC_WARN_UNUSED_FUNCTION = YES;
				GCC_WARN_UNUSED_VARIABLE = YES;
				IPHONEOS_DEPLOYMENT_TARGET = 16.1;
				MTL_ENABLE_DEBUG_INFO = NO;
				MTL_FAST_MATH = YES;
				SDKROOT = iphoneos;
				SWIFT_COMPILATION_MODE = wholemodule;
				SWIFT_OPTIMIZATION_LEVEL = "-O";
				VALIDATE_PRODUCT = YES;
			};
			name = Release;
		};
		F813B7BE2998E129005F4D75 /* Debug */ = {
			isa = XCBuildConfiguration;
			buildSettings = {
				ASSETCATALOG_COMPILER_APPICON_NAME = AppIcon;
				ASSETCATALOG_COMPILER_GLOBAL_ACCENT_COLOR_NAME = AccentColor;
				CODE_SIGN_STYLE = Automatic;
				CURRENT_PROJECT_VERSION = 1;
				DEVELOPMENT_TEAM = PK8R4W75W3;
				GENERATE_INFOPLIST_FILE = YES;
				INFOPLIST_FILE = AutoLayoutStudy/Info.plist;
				INFOPLIST_KEY_UIApplicationSupportsIndirectInputEvents = YES;
				INFOPLIST_KEY_UILaunchStoryboardName = LaunchScreen;
				INFOPLIST_KEY_UIMainStoryboardFile = Main;
				INFOPLIST_KEY_UISupportedInterfaceOrientations_iPad = "UIInterfaceOrientationPortrait UIInterfaceOrientationPortraitUpsideDown UIInterfaceOrientationLandscapeLeft UIInterfaceOrientationLandscapeRight";
				INFOPLIST_KEY_UISupportedInterfaceOrientations_iPhone = "UIInterfaceOrientationPortrait UIInterfaceOrientationLandscapeLeft UIInterfaceOrientationLandscapeRight";
				LD_RUNPATH_SEARCH_PATHS = (
					"$(inherited)",
					"@executable_path/Frameworks",
				);
				MARKETING_VERSION = 1.0;
				PRODUCT_BUNDLE_IDENTIFIER = com.thk.AutoLayoutStudy;
				PRODUCT_NAME = "$(TARGET_NAME)";
				SWIFT_EMIT_LOC_STRINGS = YES;
				SWIFT_VERSION = 5.0;
				TARGETED_DEVICE_FAMILY = "1,2";
			};
			name = Debug;
		};
		F813B7BF2998E129005F4D75 /* Release */ = {
			isa = XCBuildConfiguration;
			buildSettings = {
				ASSETCATALOG_COMPILER_APPICON_NAME = AppIcon;
				ASSETCATALOG_COMPILER_GLOBAL_ACCENT_COLOR_NAME = AccentColor;
				CODE_SIGN_STYLE = Automatic;
				CURRENT_PROJECT_VERSION = 1;
				DEVELOPMENT_TEAM = PK8R4W75W3;
				GENERATE_INFOPLIST_FILE = YES;
				INFOPLIST_FILE = AutoLayoutStudy/Info.plist;
				INFOPLIST_KEY_UIApplicationSupportsIndirectInputEvents = YES;
				INFOPLIST_KEY_UILaunchStoryboardName = LaunchScreen;
				INFOPLIST_KEY_UIMainStoryboardFile = Main;
				INFOPLIST_KEY_UISupportedInterfaceOrientations_iPad = "UIInterfaceOrientationPortrait UIInterfaceOrientationPortraitUpsideDown UIInterfaceOrientationLandscapeLeft UIInterfaceOrientationLandscapeRight";
				INFOPLIST_KEY_UISupportedInterfaceOrientations_iPhone = "UIInterfaceOrientationPortrait UIInterfaceOrientationLandscapeLeft UIInterfaceOrientationLandscapeRight";
				LD_RUNPATH_SEARCH_PATHS = (
					"$(inherited)",
					"@executable_path/Frameworks",
				);
				MARKETING_VERSION = 1.0;
				PRODUCT_BUNDLE_IDENTIFIER = com.thk.AutoLayoutStudy;
				PRODUCT_NAME = "$(TARGET_NAME)";
				SWIFT_EMIT_LOC_STRINGS = YES;
				SWIFT_VERSION = 5.0;
				TARGETED_DEVICE_FAMILY = "1,2";
			};
			name = Release;
		};
/* End XCBuildConfiguration section */

/* Begin XCConfigurationList section */
		F813B7A42998E126005F4D75 /* Build configuration list for PBXProject "AutoLayoutStudy" */ = {
			isa = XCConfigurationList;
			buildConfigurations = (
				F813B7BB2998E129005F4D75 /* Debug */,
				F813B7BC2998E129005F4D75 /* Release */,
			);
			defaultConfigurationIsVisible = 0;
			defaultConfigurationName = Release;
		};
		F813B7BD2998E129005F4D75 /* Build configuration list for PBXNativeTarget "AutoLayoutStudy" */ = {
			isa = XCConfigurationList;
			buildConfigurations = (
				F813B7BE2998E129005F4D75 /* Debug */,
				F813B7BF2998E129005F4D75 /* Release */,
			);
			defaultConfigurationIsVisible = 0;
			defaultConfigurationName = Release;
		};
/* End XCConfigurationList section */
	};
	rootObject = F813B7A12998E126005F4D75 /* Project object */;
}
